
Microsoft Visual Studio Solution File, Format Version 12.00
# Visual Studio 2012
Project("{FAE04EC0-301F-11D3-BF4B-00C04F79EFBC}") = "Onlab1", "Onlab1\Onlab1.csproj", "{54C786E5-FD14-4036-92AE-E9F25B71534B}"
	ProjectSection(ProjectDependencies) = postProject
		{1F8F2537-EC76-4537-9B70-6864F1604061} = {1F8F2537-EC76-4537-9B70-6864F1604061}
	EndProjectSection
EndProject
Project("{FAE04EC0-301F-11D3-BF4B-00C04F79EFBC}") = "CodeRefactoring1", "CodeRefactoring1\CodeRefactoring1.csproj", "{1F8F2537-EC76-4537-9B70-6864F1604061}"
EndProject
Project("{FAE04EC0-301F-11D3-BF4B-00C04F79EFBC}") = "ResultPackage", "ResultPackage\ResultPackage.csproj", "{417D9DFF-FE49-4483-8E72-708345C81CA7}"
EndProject
Project("{FAE04EC0-301F-11D3-BF4B-00C04F79EFBC}") = "ResultPackage_IntegrationTests", "ResultPackage\ResultPackage_IntegrationTests\ResultPackage_IntegrationTests.csproj", "{D9E19DCB-1E68-4880-84CE-692FB6BD1B95}"
EndProject
Project("{2150E333-8FDC-42A3-9474-1A3956D46DE8}") = "Solution Items", "Solution Items", "{CD63DC9C-DA92-4B2B-9CE7-2525570A2D85}"
	ProjectSection(SolutionItems) = preProject
		IntegrationTests.testsettings = IntegrationTests.testsettings
		UnitTests.testsettings = UnitTests.testsettings
	EndProjectSection
EndProject
Project("{FAE04EC0-301F-11D3-BF4B-00C04F79EFBC}") = "ResultPackage_UnitTests", "ResultPackage\ResultPackage_UnitTests\ResultPackage_UnitTests.csproj", "{5E9BC727-2FD3-40C5-8631-5FCA0F2AC463}"
EndProject
Global
	GlobalSection(SolutionConfigurationPlatforms) = preSolution
		Debug|Any CPU = Debug|Any CPU
		Release|Any CPU = Release|Any CPU
	EndGlobalSection
	GlobalSection(ProjectConfigurationPlatforms) = postSolution
		{54C786E5-FD14-4036-92AE-E9F25B71534B}.Debug|Any CPU.ActiveCfg = Debug|Any CPU
		{54C786E5-FD14-4036-92AE-E9F25B71534B}.Debug|Any CPU.Build.0 = Debug|Any CPU
		{54C786E5-FD14-4036-92AE-E9F25B71534B}.Release|Any CPU.ActiveCfg = Release|Any CPU
		{54C786E5-FD14-4036-92AE-E9F25B71534B}.Release|Any CPU.Build.0 = Release|Any CPU
		{1F8F2537-EC76-4537-9B70-6864F1604061}.Debug|Any CPU.ActiveCfg = Debug|Any CPU
		{1F8F2537-EC76-4537-9B70-6864F1604061}.Debug|Any CPU.Build.0 = Debug|Any CPU
		{1F8F2537-EC76-4537-9B70-6864F1604061}.Release|Any CPU.ActiveCfg = Release|Any CPU
		{1F8F2537-EC76-4537-9B70-6864F1604061}.Release|Any CPU.Build.0 = Release|Any CPU
		{417D9DFF-FE49-4483-8E72-708345C81CA7}.Debug|Any CPU.ActiveCfg = Debug|Any CPU
		{417D9DFF-FE49-4483-8E72-708345C81CA7}.Debug|Any CPU.Build.0 = Debug|Any CPU
		{417D9DFF-FE49-4483-8E72-708345C81CA7}.Release|Any CPU.ActiveCfg = Release|Any CPU
		{417D9DFF-FE49-4483-8E72-708345C81CA7}.Release|Any CPU.Build.0 = Release|Any CPU
		{D9E19DCB-1E68-4880-84CE-692FB6BD1B95}.Debug|Any CPU.ActiveCfg = Debug|Any CPU
		{D9E19DCB-1E68-4880-84CE-692FB6BD1B95}.Debug|Any CPU.Build.0 = Debug|Any CPU
		{D9E19DCB-1E68-4880-84CE-692FB6BD1B95}.Release|Any CPU.ActiveCfg = Release|Any CPU
		{D9E19DCB-1E68-4880-84CE-692FB6BD1B95}.Release|Any CPU.Build.0 = Release|Any CPU
		{5E9BC727-2FD3-40C5-8631-5FCA0F2AC463}.Debug|Any CPU.ActiveCfg = Debug|Any CPU
		{5E9BC727-2FD3-40C5-8631-5FCA0F2AC463}.Debug|Any CPU.Build.0 = Debug|Any CPU
		{5E9BC727-2FD3-40C5-8631-5FCA0F2AC463}.Release|Any CPU.ActiveCfg = Release|Any CPU
		{5E9BC727-2FD3-40C5-8631-5FCA0F2AC463}.Release|Any CPU.Build.0 = Release|Any CPU
	EndGlobalSection
	GlobalSection(SolutionProperties) = preSolution
		HideSolutionNode = FALSE
	EndGlobalSection
EndGlobal
